
Microsoft Visual Studio Solution File, Format Version 12.00
# Visual Studio 15
VisualStudioVersion = 15.0.27130.2027
MinimumVisualStudioVersion = 10.0.40219.1
Project("{9A19103F-16F7-4668-BE54-9A1E7A4F7556}") = "DotNetConnect.Cryptowatch", "DotNetConnect.Cryptowatch\DotNetConnect.Cryptowatch.csproj", "{31DDD675-3EE2-4FE7-AF8E-C330B5EB775F}"
EndProject
Project("{FAE04EC0-301F-11D3-BF4B-00C04F79EFBC}") = "DotNetConnect.Cryptowatch.Tests.Live", "DotNetConnect.Cryptowatch.Test.Live\DotNetConnect.Cryptowatch.Tests.Live.csproj", "{82A2E91E-D3BA-4CCA-95DF-9685DF18E33D}"
EndProject
Project("{FAE04EC0-301F-11D3-BF4B-00C04F79EFBC}") = "DotNetConnect.Cryptowatch.Tests", "DotNetConnect.Cryptowatch.Tests\DotNetConnect.Cryptowatch.Tests.csproj", "{F83C9718-914C-4CE3-99BE-2C85CDF831BD}"
EndProject
Global
	GlobalSection(SolutionConfigurationPlatforms) = preSolution
		Debug|Any CPU = Debug|Any CPU
		Release|Any CPU = Release|Any CPU
	EndGlobalSection
	GlobalSection(ProjectConfigurationPlatforms) = postSolution
		{31DDD675-3EE2-4FE7-AF8E-C330B5EB775F}.Debug|Any CPU.ActiveCfg = Debug|Any CPU
		{31DDD675-3EE2-4FE7-AF8E-C330B5EB775F}.Debug|Any CPU.Build.0 = Debug|Any CPU
		{31DDD675-3EE2-4FE7-AF8E-C330B5EB775F}.Release|Any CPU.ActiveCfg = Release|Any CPU
		{31DDD675-3EE2-4FE7-AF8E-C330B5EB775F}.Release|Any CPU.Build.0 = Release|Any CPU
		{82A2E91E-D3BA-4CCA-95DF-9685DF18E33D}.Debug|Any CPU.ActiveCfg = Debug|Any CPU
		{82A2E91E-D3BA-4CCA-95DF-9685DF18E33D}.Debug|Any CPU.Build.0 = Debug|Any CPU
		{82A2E91E-D3BA-4CCA-95DF-9685DF18E33D}.Release|Any CPU.ActiveCfg = Release|Any CPU
		{82A2E91E-D3BA-4CCA-95DF-9685DF18E33D}.Release|Any CPU.Build.0 = Release|Any CPU
		{F83C9718-914C-4CE3-99BE-2C85CDF831BD}.Debug|Any CPU.ActiveCfg = Debug|Any CPU
		{F83C9718-914C-4CE3-99BE-2C85CDF831BD}.Debug|Any CPU.Build.0 = Debug|Any CPU
		{F83C9718-914C-4CE3-99BE-2C85CDF831BD}.Release|Any CPU.ActiveCfg = Release|Any CPU
		{F83C9718-914C-4CE3-99BE-2C85CDF831BD}.Release|Any CPU.Build.0 = Release|Any CPU
	EndGlobalSection
	GlobalSection(SolutionProperties) = preSolution
		HideSolutionNode = FALSE
	EndGlobalSection
	GlobalSection(ExtensibilityGlobals) = postSolution
		SolutionGuid = {A76C1534-6FD7-4AA9-B531-497244B2C861}
	EndGlobalSection
EndGlobal
